// !$*UTF8*$!
{
	archiveVersion = 1;
	classes = {
	};
	objectVersion = 50;
	objects = {

/* Begin PBXBuildFile section */
		2EE89E63238CC4D1003CEEA3 /* AppDelegate.swift in Sources */ = {isa = PBXBuildFile; fileRef = 2EE89E62238CC4D1003CEEA3 /* AppDelegate.swift */; };
		2EE89E65238CC4D1003CEEA3 /* SceneDelegate.swift in Sources */ = {isa = PBXBuildFile; fileRef = 2EE89E64238CC4D1003CEEA3 /* SceneDelegate.swift */; };
		2EE89E67238CC4D1003CEEA3 /* RecordSoundsViewController.swift in Sources */ = {isa = PBXBuildFile; fileRef = 2EE89E66238CC4D1003CEEA3 /* RecordSoundsViewController.swift */; };
		2EE89E6A238CC4D1003CEEA3 /* Main.storyboard in Resources */ = {isa = PBXBuildFile; fileRef = 2EE89E68238CC4D1003CEEA3 /* Main.storyboard */; };
		2EE89E6D238CC4D1003CEEA3 /* PitchPerfect.xcdatamodeld in Sources */ = {isa = PBXBuildFile; fileRef = 2EE89E6B238CC4D1003CEEA3 /* PitchPerfect.xcdatamodeld */; };
		2EE89E6F238CC4D2003CEEA3 /* Assets.xcassets in Resources */ = {isa = PBXBuildFile; fileRef = 2EE89E6E238CC4D2003CEEA3 /* Assets.xcassets */; };
		2EE89E72238CC4D2003CEEA3 /* LaunchScreen.storyboard in Resources */ = {isa = PBXBuildFile; fileRef = 2EE89E70238CC4D2003CEEA3 /* LaunchScreen.storyboard */; };
		2EE89E7D238CC4D3003CEEA3 /* PitchPerfectTests.swift in Sources */ = {isa = PBXBuildFile; fileRef = 2EE89E7C238CC4D3003CEEA3 /* PitchPerfectTests.swift */; };
		2EE89E88238CC4D3003CEEA3 /* PitchPerfectUITests.swift in Sources */ = {isa = PBXBuildFile; fileRef = 2EE89E87238CC4D3003CEEA3 /* PitchPerfectUITests.swift */; };
/* End PBXBuildFile section */

/* Begin PBXContainerItemProxy section */
		2EE89E79238CC4D3003CEEA3 /* PBXContainerItemProxy */ = {
			isa = PBXContainerItemProxy;
			containerPortal = 2EE89E57238CC4D1003CEEA3 /* Project object */;
			proxyType = 1;
			remoteGlobalIDString = 2EE89E5E238CC4D1003CEEA3;
			remoteInfo = PitchPerfect;
		};
		2EE89E84238CC4D3003CEEA3 /* PBXContainerItemProxy */ = {
			isa = PBXContainerItemProxy;
			containerPortal = 2EE89E57238CC4D1003CEEA3 /* Project object */;
			proxyType = 1;
			remoteGlobalIDString = 2EE89E5E238CC4D1003CEEA3;
			remoteInfo = PitchPerfect;
		};
/* End PBXContainerItemProxy section */

/* Begin PBXFileReference section */
		2EE89E5F238CC4D1003CEEA3 /* PitchPerfect.app */ = {isa = PBXFileReference; explicitFileType = wrapper.application; includeInIndex = 0; path = PitchPerfect.app; sourceTree = BUILT_PRODUCTS_DIR; };
		2EE89E62238CC4D1003CEEA3 /* AppDelegate.swift */ = {isa = PBXFileReference; lastKnownFileType = sourcecode.swift; path = AppDelegate.swift; sourceTree = "<group>"; };
		2EE89E64238CC4D1003CEEA3 /* SceneDelegate.swift */ = {isa = PBXFileReference; lastKnownFileType = sourcecode.swift; path = SceneDelegate.swift; sourceTree = "<group>"; };
		2EE89E66238CC4D1003CEEA3 /* RecordSoundsViewController.swift */ = {isa = PBXFileReference; lastKnownFileType = sourcecode.swift; path = RecordSoundsViewController.swift; sourceTree = "<group>"; };
		2EE89E69238CC4D1003CEEA3 /* Base */ = {isa = PBXFileReference; lastKnownFileType = file.storyboard; name = Base; path = Base.lproj/Main.storyboard; sourceTree = "<group>"; };
		2EE89E6C238CC4D1003CEEA3 /* PitchPerfect.xcdatamodel */ = {isa = PBXFileReference; lastKnownFileType = wrapper.xcdatamodel; path = PitchPerfect.xcdatamodel; sourceTree = "<group>"; };
		2EE89E6E238CC4D2003CEEA3 /* Assets.xcassets */ = {isa = PBXFileReference; lastKnownFileType = folder.assetcatalog; path = Assets.xcassets; sourceTree = "<group>"; };
		2EE89E71238CC4D2003CEEA3 /* Base */ = {isa = PBXFileReference; lastKnownFileType = file.storyboard; name = Base; path = Base.lproj/LaunchScreen.storyboard; sourceTree = "<group>"; };
		2EE89E73238CC4D2003CEEA3 /* Info.plist */ = {isa = PBXFileReference; lastKnownFileType = text.plist.xml; path = Info.plist; sourceTree = "<group>"; };
		2EE89E78238CC4D3003CEEA3 /* PitchPerfectTests.xctest */ = {isa = PBXFileReference; explicitFileType = wrapper.cfbundle; includeInIndex = 0; path = PitchPerfectTests.xctest; sourceTree = BUILT_PRODUCTS_DIR; };
		2EE89E7C238CC4D3003CEEA3 /* PitchPerfectTests.swift */ = {isa = PBXFileReference; lastKnownFileType = sourcecode.swift; path = PitchPerfectTests.swift; sourceTree = "<group>"; };
		2EE89E7E238CC4D3003CEEA3 /* Info.plist */ = {isa = PBXFileReference; lastKnownFileType = text.plist.xml; path = Info.plist; sourceTree = "<group>"; };
		2EE89E83238CC4D3003CEEA3 /* PitchPerfectUITests.xctest */ = {isa = PBXFileReference; explicitFileType = wrapper.cfbundle; includeInIndex = 0; path = PitchPerfectUITests.xctest; sourceTree = BUILT_PRODUCTS_DIR; };
		2EE89E87238CC4D3003CEEA3 /* PitchPerfectUITests.swift */ = {isa = PBXFileReference; lastKnownFileType = sourcecode.swift; path = PitchPerfectUITests.swift; sourceTree = "<group>"; };
		2EE89E89238CC4D3003CEEA3 /* Info.plist */ = {isa = PBXFileReference; lastKnownFileType = text.plist.xml; path = Info.plist; sourceTree = "<group>"; };
/* End PBXFileReference section */

/* Begin PBXFrameworksBuildPhase section */
		2EE89E5C238CC4D1003CEEA3 /* Frameworks */ = {
			isa = PBXFrameworksBuildPhase;
			buildActionMask = 2147483647;
			files = (
			);
			runOnlyForDeploymentPostprocessing = 0;
		};
		2EE89E75238CC4D3003CEEA3 /* Frameworks */ = {
			isa = PBXFrameworksBuildPhase;
			buildActionMask = 2147483647;
			files = (
			);
			runOnlyForDeploymentPostprocessing = 0;
		};
		2EE89E80238CC4D3003CEEA3 /* Frameworks */ = {
			isa = PBXFrameworksBuildPhase;
			buildActionMask = 2147483647;
			files = (
			);
			runOnlyForDeploymentPostprocessing = 0;
		};
/* End PBXFrameworksBuildPhase section */

/* Begin PBXGroup section */
		2EE89E56238CC4D1003CEEA3 = {
			isa = PBXGroup;
			children = (
				2EE89E61238CC4D1003CEEA3 /* PitchPerfect */,
				2EE89E7B238CC4D3003CEEA3 /* PitchPerfectTests */,
				2EE89E86238CC4D3003CEEA3 /* PitchPerfectUITests */,
				2EE89E60238CC4D1003CEEA3 /* Products */,
			);
			sourceTree = "<group>";
		};
		2EE89E60238CC4D1003CEEA3 /* Products */ = {
			isa = PBXGroup;
			children = (
				2EE89E5F238CC4D1003CEEA3 /* PitchPerfect.app */,
				2EE89E78238CC4D3003CEEA3 /* PitchPerfectTests.xctest */,
				2EE89E83238CC4D3003CEEA3 /* PitchPerfectUITests.xctest */,
			);
			name = Products;
			sourceTree = "<group>";
		};
		2EE89E61238CC4D1003CEEA3 /* PitchPerfect */ = {
			isa = PBXGroup;
			children = (
				2EE89E62238CC4D1003CEEA3 /* AppDelegate.swift */,
				2EE89E64238CC4D1003CEEA3 /* SceneDelegate.swift */,
				2EE89E66238CC4D1003CEEA3 /* RecordSoundsViewController.swift */,
				2EE89E68238CC4D1003CEEA3 /* Main.storyboard */,
				2EE89E6E238CC4D2003CEEA3 /* Assets.xcassets */,
				2EE89E70238CC4D2003CEEA3 /* LaunchScreen.storyboard */,
				2EE89E73238CC4D2003CEEA3 /* Info.plist */,
				2EE89E6B238CC4D1003CEEA3 /* PitchPerfect.xcdatamodeld */,
			);
			path = PitchPerfect;
			sourceTree = "<group>";
		};
		2EE89E7B238CC4D3003CEEA3 /* PitchPerfectTests */ = {
			isa = PBXGroup;
			children = (
				2EE89E7C238CC4D3003CEEA3 /* PitchPerfectTests.swift */,
				2EE89E7E238CC4D3003CEEA3 /* Info.plist */,
			);
			path = PitchPerfectTests;
			sourceTree = "<group>";
		};
		2EE89E86238CC4D3003CEEA3 /* PitchPerfectUITests */ = {
			isa = PBXGroup;
			children = (
				2EE89E87238CC4D3003CEEA3 /* PitchPerfectUITests.swift */,
				2EE89E89238CC4D3003CEEA3 /* Info.plist */,
			);
			path = PitchPerfectUITests;
			sourceTree = "<group>";
		};
/* End PBXGroup section */

/* Begin PBXNativeTarget section */
		2EE89E5E238CC4D1003CEEA3 /* PitchPerfect */ = {
			isa = PBXNativeTarget;
			buildConfigurationList = 2EE89E8C238CC4D3003CEEA3 /* Build configuration list for PBXNativeTarget "PitchPerfect" */;
			buildPhases = (
				2EE89E5B238CC4D1003CEEA3 /* Sources */,
				2EE89E5C238CC4D1003CEEA3 /* Frameworks */,
				2EE89E5D238CC4D1003CEEA3 /* Resources */,
			);
			buildRules = (
			);
			dependencies = (
			);
			name = PitchPerfect;
			productName = PitchPerfect;
			productReference = 2EE89E5F238CC4D1003CEEA3 /* PitchPerfect.app */;
			productType = "com.apple.product-type.application";
		};
		2EE89E77238CC4D3003CEEA3 /* PitchPerfectTests */ = {
			isa = PBXNativeTarget;
			buildConfigurationList = 2EE89E8F238CC4D3003CEEA3 /* Build configuration list for PBXNativeTarget "PitchPerfectTests" */;
			buildPhases = (
				2EE89E74238CC4D3003CEEA3 /* Sources */,
				2EE89E75238CC4D3003CEEA3 /* Frameworks */,
				2EE89E76238CC4D3003CEEA3 /* Resources */,
			);
			buildRules = (
			);
			dependencies = (
				2EE89E7A238CC4D3003CEEA3 /* PBXTargetDependency */,
			);
			name = PitchPerfectTests;
			productName = PitchPerfectTests;
			productReference = 2EE89E78238CC4D3003CEEA3 /* PitchPerfectTests.xctest */;
			productType = "com.apple.product-type.bundle.unit-test";
		};
		2EE89E82238CC4D3003CEEA3 /* PitchPerfectUITests */ = {
			isa = PBXNativeTarget;
			buildConfigurationList = 2EE89E92238CC4D3003CEEA3 /* Build configuration list for PBXNativeTarget "PitchPerfectUITests" */;
			buildPhases = (
				2EE89E7F238CC4D3003CEEA3 /* Sources */,
				2EE89E80238CC4D3003CEEA3 /* Frameworks */,
				2EE89E81238CC4D3003CEEA3 /* Resources */,
			);
			buildRules = (
			);
			dependencies = (
				2EE89E85238CC4D3003CEEA3 /* PBXTargetDependency */,
			);
			name = PitchPerfectUITests;
			productName = PitchPerfectUITests;
			productReference = 2EE89E83238CC4D3003CEEA3 /* PitchPerfectUITests.xctest */;
			productType = "com.apple.product-type.bundle.ui-testing";
		};
/* End PBXNativeTarget section */

/* Begin PBXProject section */
		2EE89E57238CC4D1003CEEA3 /* Project object */ = {
			isa = PBXProject;
			attributes = {
				LastSwiftUpdateCheck = 1110;
				LastUpgradeCheck = 1110;
				ORGANIZATIONNAME = lovelejess;
				TargetAttributes = {
					2EE89E5E238CC4D1003CEEA3 = {
						CreatedOnToolsVersion = 11.1;
					};
					2EE89E77238CC4D3003CEEA3 = {
						CreatedOnToolsVersion = 11.1;
						TestTargetID = 2EE89E5E238CC4D1003CEEA3;
					};
					2EE89E82238CC4D3003CEEA3 = {
						CreatedOnToolsVersion = 11.1;
						TestTargetID = 2EE89E5E238CC4D1003CEEA3;
					};
				};
			};
			buildConfigurationList = 2EE89E5A238CC4D1003CEEA3 /* Build configuration list for PBXProject "PitchPerfect" */;
			compatibilityVersion = "Xcode 9.3";
			developmentRegion = en;
			hasScannedForEncodings = 0;
			knownRegions = (
				en,
				Base,
			);
			mainGroup = 2EE89E56238CC4D1003CEEA3;
			productRefGroup = 2EE89E60238CC4D1003CEEA3 /* Products */;
			projectDirPath = "";
			projectRoot = "";
			targets = (
				2EE89E5E238CC4D1003CEEA3 /* PitchPerfect */,
				2EE89E77238CC4D3003CEEA3 /* PitchPerfectTests */,
				2EE89E82238CC4D3003CEEA3 /* PitchPerfectUITests */,
			);
		};
/* End PBXProject section */

/* Begin PBXResourcesBuildPhase section */
		2EE89E5D238CC4D1003CEEA3 /* Resources */ = {
			isa = PBXResourcesBuildPhase;
			buildActionMask = 2147483647;
			files = (
				2EE89E72238CC4D2003CEEA3 /* LaunchScreen.storyboard in Resources */,
				2EE89E6F238CC4D2003CEEA3 /* Assets.xcassets in Resources */,
				2EE89E6A238CC4D1003CEEA3 /* Main.storyboard in Resources */,
			);
			runOnlyForDeploymentPostprocessing = 0;
		};
		2EE89E76238CC4D3003CEEA3 /* Resources */ = {
			isa = PBXResourcesBuildPhase;
			buildActionMask = 2147483647;
			files = (
			);
			runOnlyForDeploymentPostprocessing = 0;
		};
		2EE89E81238CC4D3003CEEA3 /* Resources */ = {
			isa = PBXResourcesBuildPhase;
			buildActionMask = 2147483647;
			files = (
			);
			runOnlyForDeploymentPostprocessing = 0;
		};
/* End PBXResourcesBuildPhase section */

/* Begin PBXSourcesBuildPhase section */
		2EE89E5B238CC4D1003CEEA3 /* Sources */ = {
			isa = PBXSourcesBuildPhase;
			buildActionMask = 2147483647;
			files = (
				2EE89E67238CC4D1003CEEA3 /* RecordSoundsViewController.swift in Sources */,
				2EE89E63238CC4D1003CEEA3 /* AppDelegate.swift in Sources */,
				2EE89E6D238CC4D1003CEEA3 /* PitchPerfect.xcdatamodeld in Sources */,
				2EE89E65238CC4D1003CEEA3 /* SceneDelegate.swift in Sources */,
			);
			runOnlyForDeploymentPostprocessing = 0;
		};
		2EE89E74238CC4D3003CEEA3 /* Sources */ = {
			isa = PBXSourcesBuildPhase;
			buildActionMask = 2147483647;
			files = (
				2EE89E7D238CC4D3003CEEA3 /* PitchPerfectTests.swift in Sources */,
			);
			runOnlyForDeploymentPostprocessing = 0;
		};
		2EE89E7F238CC4D3003CEEA3 /* Sources */ = {
			isa = PBXSourcesBuildPhase;
			buildActionMask = 2147483647;
			files = (
				2EE89E88238CC4D3003CEEA3 /* PitchPerfectUITests.swift in Sources */,
			);
			runOnlyForDeploymentPostprocessing = 0;
		};
/* End PBXSourcesBuildPhase section */

/* Begin PBXTargetDependency section */
		2EE89E7A238CC4D3003CEEA3 /* PBXTargetDependency */ = {
			isa = PBXTargetDependency;
			target = 2EE89E5E238CC4D1003CEEA3 /* PitchPerfect */;
			targetProxy = 2EE89E79238CC4D3003CEEA3 /* PBXContainerItemProxy */;
		};
		2EE89E85238CC4D3003CEEA3 /* PBXTargetDependency */ = {
			isa = PBXTargetDependency;
			target = 2EE89E5E238CC4D1003CEEA3 /* PitchPerfect */;
			targetProxy = 2EE89E84238CC4D3003CEEA3 /* PBXContainerItemProxy */;
		};
/* End PBXTargetDependency section */

/* Begin PBXVariantGroup section */
		2EE89E68238CC4D1003CEEA3 /* Main.storyboard */ = {
			isa = PBXVariantGroup;
			children = (
				2EE89E69238CC4D1003CEEA3 /* Base */,
			);
			name = Main.storyboard;
			sourceTree = "<group>";
		};
		2EE89E70238CC4D2003CEEA3 /* LaunchScreen.storyboard */ = {
			isa = PBXVariantGroup;
			children = (
				2EE89E71238CC4D2003CEEA3 /* Base */,
			);
			name = LaunchScreen.storyboard;
			sourceTree = "<group>";
		};
/* End PBXVariantGroup section */

/* Begin XCBuildConfiguration section */
		2EE89E8A238CC4D3003CEEA3 /* Debug */ = {
			isa = XCBuildConfiguration;
			buildSettings = {
				ALWAYS_SEARCH_USER_PATHS = NO;
				CLANG_ANALYZER_NONNULL = YES;
				CLANG_ANALYZER_NUMBER_OBJECT_CONVERSION = YES_AGGRESSIVE;
				CLANG_CXX_LANGUAGE_STANDARD = "gnu++14";
				CLANG_CXX_LIBRARY = "libc++";
				CLANG_ENABLE_MODULES = YES;
				CLANG_ENABLE_OBJC_ARC = YES;
				CLANG_ENABLE_OBJC_WEAK = YES;
				CLANG_WARN_BLOCK_CAPTURE_AUTORELEASING = YES;
				CLANG_WARN_BOOL_CONVERSION = YES;
				CLANG_WARN_COMMA = YES;
				CLANG_WARN_CONSTANT_CONVERSION = YES;
				CLANG_WARN_DEPRECATED_OBJC_IMPLEMENTATIONS = YES;
				CLANG_WARN_DIRECT_OBJC_ISA_USAGE = YES_ERROR;
				CLANG_WARN_DOCUMENTATION_COMMENTS = YES;
				CLANG_WARN_EMPTY_BODY = YES;
				CLANG_WARN_ENUM_CONVERSION = YES;
				CLANG_WARN_INFINITE_RECURSION = YES;
				CLANG_WARN_INT_CONVERSION = YES;
				CLANG_WARN_NON_LITERAL_NULL_CONVERSION = YES;
				CLANG_WARN_OBJC_IMPLICIT_RETAIN_SELF = YES;
				CLANG_WARN_OBJC_LITERAL_CONVERSION = YES;
				CLANG_WARN_OBJC_ROOT_CLASS = YES_ERROR;
				CLANG_WARN_RANGE_LOOP_ANALYSIS = YES;
				CLANG_WARN_STRICT_PROTOTYPES = YES;
				CLANG_WARN_SUSPICIOUS_MOVE = YES;
				CLANG_WARN_UNGUARDED_AVAILABILITY = YES_AGGRESSIVE;
				CLANG_WARN_UNREACHABLE_CODE = YES;
				CLANG_WARN__DUPLICATE_METHOD_MATCH = YES;
				COPY_PHASE_STRIP = NO;
				DEBUG_INFORMATION_FORMAT = dwarf;
				ENABLE_STRICT_OBJC_MSGSEND = YES;
				ENABLE_TESTABILITY = YES;
				GCC_C_LANGUAGE_STANDARD = gnu11;
				GCC_DYNAMIC_NO_PIC = NO;
				GCC_NO_COMMON_BLOCKS = YES;
				GCC_OPTIMIZATION_LEVEL = 0;
				GCC_PREPROCESSOR_DEFINITIONS = (
					"DEBUG=1",
					"$(inherited)",
				);
				GCC_WARN_64_TO_32_BIT_CONVERSION = YES;
				GCC_WARN_ABOUT_RETURN_TYPE = YES_ERROR;
				GCC_WARN_UNDECLARED_SELECTOR = YES;
				GCC_WARN_UNINITIALIZED_AUTOS = YES_AGGRESSIVE;
				GCC_WARN_UNUSED_FUNCTION = YES;
				GCC_WARN_UNUSED_VARIABLE = YES;
				IPHONEOS_DEPLOYMENT_TARGET = 13.1;
				MTL_ENABLE_DEBUG_INFO = INCLUDE_SOURCE;
				MTL_FAST_MATH = YES;
				ONLY_ACTIVE_ARCH = YES;
				SDKROOT = iphoneos;
				SWIFT_ACTIVE_COMPILATION_CONDITIONS = DEBUG;
				SWIFT_OPTIMIZATION_LEVEL = "-Onone";
			};
			name = Debug;
		};
		2EE89E8B238CC4D3003CEEA3 /* Release */ = {
			isa = XCBuildConfiguration;
			buildSettings = {
				ALWAYS_SEARCH_USER_PATHS = NO;
				CLANG_ANALYZER_NONNULL = YES;
				CLANG_ANALYZER_NUMBER_OBJECT_CONVERSION = YES_AGGRESSIVE;
				CLANG_CXX_LANGUAGE_STANDARD = "gnu++14";
				CLANG_CXX_LIBRARY = "libc++";
				CLANG_ENABLE_MODULES = YES;
				CLANG_ENABLE_OBJC_ARC = YES;
				CLANG_ENABLE_OBJC_WEAK = YES;
				CLANG_WARN_BLOCK_CAPTURE_AUTORELEASING = YES;
				CLANG_WARN_BOOL_CONVERSION = YES;
				CLANG_WARN_COMMA = YES;
				CLANG_WARN_CONSTANT_CONVERSION = YES;
				CLANG_WARN_DEPRECATED_OBJC_IMPLEMENTATIONS = YES;
				CLANG_WARN_DIRECT_OBJC_ISA_USAGE = YES_ERROR;
				CLANG_WARN_DOCUMENTATION_COMMENTS = YES;
				CLANG_WARN_EMPTY_BODY = YES;
				CLANG_WARN_ENUM_CONVERSION = YES;
				CLANG_WARN_INFINITE_RECURSION = YES;
				CLANG_WARN_INT_CONVERSION = YES;
				CLANG_WARN_NON_LITERAL_NULL_CONVERSION = YES;
				CLANG_WARN_OBJC_IMPLICIT_RETAIN_SELF = YES;
				CLANG_WARN_OBJC_LITERAL_CONVERSION = YES;
				CLANG_WARN_OBJC_ROOT_CLASS = YES_ERROR;
				CLANG_WARN_RANGE_LOOP_ANALYSIS = YES;
				CLANG_WARN_STRICT_PROTOTYPES = YES;
				CLANG_WARN_SUSPICIOUS_MOVE = YES;
				CLANG_WARN_UNGUARDED_AVAILABILITY = YES_AGGRESSIVE;
				CLANG_WARN_UNREACHABLE_CODE = YES;
				CLANG_WARN__DUPLICATE_METHOD_MATCH = YES;
				COPY_PHASE_STRIP = NO;
				DEBUG_INFORMATION_FORMAT = "dwarf-with-dsym";
				ENABLE_NS_ASSERTIONS = NO;
				ENABLE_STRICT_OBJC_MSGSEND = YES;
				GCC_C_LANGUAGE_STANDARD = gnu11;
				GCC_NO_COMMON_BLOCKS = YES;
				GCC_WARN_64_TO_32_BIT_CONVERSION = YES;
				GCC_WARN_ABOUT_RETURN_TYPE = YES_ERROR;
				GCC_WARN_UNDECLARED_SELECTOR = YES;
				GCC_WARN_UNINITIALIZED_AUTOS = YES_AGGRESSIVE;
				GCC_WARN_UNUSED_FUNCTION = YES;
				GCC_WARN_UNUSED_VARIABLE = YES;
				IPHONEOS_DEPLOYMENT_TARGET = 13.1;
				MTL_ENABLE_DEBUG_INFO = NO;
				MTL_FAST_MATH = YES;
				SDKROOT = iphoneos;
				SWIFT_COMPILATION_MODE = wholemodule;
				SWIFT_OPTIMIZATION_LEVEL = "-O";
				VALIDATE_PRODUCT = YES;
			};
			name = Release;
		};
		2EE89E8D238CC4D3003CEEA3 /* Debug */ = {
			isa = XCBuildConfiguration;
			buildSettings = {
				ASSETCATALOG_COMPILER_APPICON_NAME = AppIcon;
				CODE_SIGN_STYLE = Automatic;
				DEVELOPMENT_TEAM = N993RX34M3;
				INFOPLIST_FILE = PitchPerfect/Info.plist;
				LD_RUNPATH_SEARCH_PATHS = (
					"$(inherited)",
					"@executable_path/Frameworks",
				);
				PRODUCT_BUNDLE_IDENTIFIER = lovelejess.PitchPerfect;
				PRODUCT_NAME = "$(TARGET_NAME)";
				SWIFT_VERSION = 5.0;
				TARGETED_DEVICE_FAMILY = "1,2";
			};
			name = Debug;
		};
		2EE89E8E238CC4D3003CEEA3 /* Release */ = {
			isa = XCBuildConfiguration;
			buildSettings = {
				ASSETCATALOG_COMPILER_APPICON_NAME = AppIcon;
				CODE_SIGN_STYLE = Automatic;
				DEVELOPMENT_TEAM = N993RX34M3;
				INFOPLIST_FILE = PitchPerfect/Info.plist;
				LD_RUNPATH_SEARCH_PATHS = (
					"$(inherited)",
					"@executable_path/Frameworks",
				);
				PRODUCT_BUNDLE_IDENTIFIER = lovelejess.PitchPerfect;
				PRODUCT_NAME = "$(TARGET_NAME)";
				SWIFT_VERSION = 5.0;
				TARGETED_DEVICE_FAMILY = "1,2";
			};
			name = Release;
		};
		2EE89E90238CC4D3003CEEA3 /* Debug */ = {
			isa = XCBuildConfiguration;
			buildSettings = {
				ALWAYS_EMBED_SWIFT_STANDARD_LIBRARIES = YES;
				BUNDLE_LOADER = "$(TEST_HOST)";
				CODE_SIGN_STYLE = Automatic;
				DEVELOPMENT_TEAM = N993RX34M3;
				INFOPLIST_FILE = PitchPerfectTests/Info.plist;
				IPHONEOS_DEPLOYMENT_TARGET = 13.1;
				LD_RUNPATH_SEARCH_PATHS = (
					"$(inherited)",
					"@executable_path/Frameworks",
					"@loader_path/Frameworks",
				);
				PRODUCT_BUNDLE_IDENTIFIER = lovelejess.PitchPerfectTests;
				PRODUCT_NAME = "$(TARGET_NAME)";
				SWIFT_VERSION = 5.0;
				TARGETED_DEVICE_FAMILY = "1,2";
				TEST_HOST = "$(BUILT_PRODUCTS_DIR)/PitchPerfect.app/PitchPerfect";
			};
			name = Debug;
		};
		2EE89E91238CC4D3003CEEA3 /* Release */ = {
			isa = XCBuildConfiguration;
			buildSettings = {
				ALWAYS_EMBED_SWIFT_STANDARD_LIBRARIES = YES;
				BUNDLE_LOADER = "$(TEST_HOST)";
				CODE_SIGN_STYLE = Automatic;
				DEVELOPMENT_TEAM = N993RX34M3;
				INFOPLIST_FILE = PitchPerfectTests/Info.plist;
				IPHONEOS_DEPLOYMENT_TARGET = 13.1;
				LD_RUNPATH_SEARCH_PATHS = (
					"$(inherited)",
					"@executable_path/Frameworks",
					"@loader_path/Frameworks",
				);
				PRODUCT_BUNDLE_IDENTIFIER = lovelejess.PitchPerfectTests;
				PRODUCT_NAME = "$(TARGET_NAME)";
				SWIFT_VERSION = 5.0;
				TARGETED_DEVICE_FAMILY = "1,2";
				TEST_HOST = "$(BUILT_PRODUCTS_DIR)/PitchPerfect.app/PitchPerfect";
			};
			name = Release;
		};
		2EE89E93238CC4D3003CEEA3 /* Debug */ = {
			isa = XCBuildConfiguration;
			buildSettings = {
				ALWAYS_EMBED_SWIFT_STANDARD_LIBRARIES = YES;
				CODE_SIGN_STYLE = Automatic;
				DEVELOPMENT_TEAM = N993RX34M3;
				INFOPLIST_FILE = PitchPerfectUITests/Info.plist;
				LD_RUNPATH_SEARCH_PATHS = (
					"$(inherited)",
					"@executable_path/Frameworks",
					"@loader_path/Frameworks",
				);
				PRODUCT_BUNDLE_IDENTIFIER = lovelejess.PitchPerfectUITests;
				PRODUCT_NAME = "$(TARGET_NAME)";
				SWIFT_VERSION = 5.0;
				TARGETED_DEVICE_FAMILY = "1,2";
				TEST_TARGET_NAME = PitchPerfect;
			};
			name = Debug;
		};
		2EE89E94238CC4D3003CEEA3 /* Release */ = {
			isa = XCBuildConfiguration;
			buildSettings = {
				ALWAYS_EMBED_SWIFT_STANDARD_LIBRARIES = YES;
				CODE_SIGN_STYLE = Automatic;
				DEVELOPMENT_TEAM = N993RX34M3;
				INFOPLIST_FILE = PitchPerfectUITests/Info.plist;
				LD_RUNPATH_SEARCH_PATHS = (
					"$(inherited)",
					"@executable_path/Frameworks",
					"@loader_path/Frameworks",
				);
				PRODUCT_BUNDLE_IDENTIFIER = lovelejess.PitchPerfectUITests;
				PRODUCT_NAME = "$(TARGET_NAME)";
				SWIFT_VERSION = 5.0;
				TARGETED_DEVICE_FAMILY = "1,2";
				TEST_TARGET_NAME = PitchPerfect;
			};
			name = Release;
		};
/* End XCBuildConfiguration section */

/* Begin XCConfigurationList section */
		2EE89E5A238CC4D1003CEEA3 /* Build configuration list for PBXProject "PitchPerfect" */ = {
			isa = XCConfigurationList;
			buildConfigurations = (
				2EE89E8A238CC4D3003CEEA3 /* Debug */,
				2EE89E8B238CC4D3003CEEA3 /* Release */,
			);
			defaultConfigurationIsVisible = 0;
			defaultConfigurationName = Release;
		};
		2EE89E8C238CC4D3003CEEA3 /* Build configuration list for PBXNativeTarget "PitchPerfect" */ = {
			isa = XCConfigurationList;
			buildConfigurations = (
				2EE89E8D238CC4D3003CEEA3 /* Debug */,
				2EE89E8E238CC4D3003CEEA3 /* Release */,
			);
			defaultConfigurationIsVisible = 0;
			defaultConfigurationName = Release;
		};
		2EE89E8F238CC4D3003CEEA3 /* Build configuration list for PBXNativeTarget "PitchPerfectTests" */ = {
			isa = XCConfigurationList;
			buildConfigurations = (
				2EE89E90238CC4D3003CEEA3 /* Debug */,
				2EE89E91238CC4D3003CEEA3 /* Release */,
			);
			defaultConfigurationIsVisible = 0;
			defaultConfigurationName = Release;
		};
		2EE89E92238CC4D3003CEEA3 /* Build configuration list for PBXNativeTarget "PitchPerfectUITests" */ = {
			isa = XCConfigurationList;
			buildConfigurations = (
				2EE89E93238CC4D3003CEEA3 /* Debug */,
				2EE89E94238CC4D3003CEEA3 /* Release */,
			);
			defaultConfigurationIsVisible = 0;
			defaultConfigurationName = Release;
		};
/* End XCConfigurationList section */

/* Begin XCVersionGroup section */
		2EE89E6B238CC4D1003CEEA3 /* PitchPerfect.xcdatamodeld */ = {
			isa = XCVersionGroup;
			children = (
				2EE89E6C238CC4D1003CEEA3 /* PitchPerfect.xcdatamodel */,
			);
			currentVersion = 2EE89E6C238CC4D1003CEEA3 /* PitchPerfect.xcdatamodel */;
			path = PitchPerfect.xcdatamodeld;
			sourceTree = "<group>";
			versionGroupType = wrapper.xcdatamodel;
		};
/* End XCVersionGroup section */
	};
	rootObject = 2EE89E57238CC4D1003CEEA3 /* Project object */;
}
