// !$*UTF8*$!
{
	archiveVersion = 1;
	classes = {
	};
	objectVersion = 50;
	objects = {

/* Begin PBXBuildFile section */
		2E4D2FB623A59B050085AD71 /* AppDelegate.swift in Sources */ = {isa = PBXBuildFile; fileRef = 2E4D2FB523A59B050085AD71 /* AppDelegate.swift */; };
		2E4D2FB823A59B050085AD71 /* SceneDelegate.swift in Sources */ = {isa = PBXBuildFile; fileRef = 2E4D2FB723A59B050085AD71 /* SceneDelegate.swift */; };
		2E4D2FBA23A59B050085AD71 /* RoshamboViewController.swift in Sources */ = {isa = PBXBuildFile; fileRef = 2E4D2FB923A59B050085AD71 /* RoshamboViewController.swift */; };
		2E4D2FBD23A59B050085AD71 /* Main.storyboard in Resources */ = {isa = PBXBuildFile; fileRef = 2E4D2FBB23A59B050085AD71 /* Main.storyboard */; };
		2E4D2FC023A59B050085AD71 /* Roshambo.xcdatamodeld in Sources */ = {isa = PBXBuildFile; fileRef = 2E4D2FBE23A59B050085AD71 /* Roshambo.xcdatamodeld */; };
		2E4D2FC223A59B050085AD71 /* Assets.xcassets in Resources */ = {isa = PBXBuildFile; fileRef = 2E4D2FC123A59B050085AD71 /* Assets.xcassets */; };
		2E4D2FC523A59B050085AD71 /* LaunchScreen.storyboard in Resources */ = {isa = PBXBuildFile; fileRef = 2E4D2FC323A59B050085AD71 /* LaunchScreen.storyboard */; };
		2E4D2FD023A59B050085AD71 /* RoshamboTests.swift in Sources */ = {isa = PBXBuildFile; fileRef = 2E4D2FCF23A59B050085AD71 /* RoshamboTests.swift */; };
		2E4D2FDB23A59B060085AD71 /* RoshamboUITests.swift in Sources */ = {isa = PBXBuildFile; fileRef = 2E4D2FDA23A59B060085AD71 /* RoshamboUITests.swift */; };
		2E4D2FE923A5BE7C0085AD71 /* ResultsViewController.swift in Sources */ = {isa = PBXBuildFile; fileRef = 2E4D2FE823A5BE7C0085AD71 /* ResultsViewController.swift */; };
/* End PBXBuildFile section */

/* Begin PBXContainerItemProxy section */
		2E4D2FCC23A59B050085AD71 /* PBXContainerItemProxy */ = {
			isa = PBXContainerItemProxy;
			containerPortal = 2E4D2FAA23A59B040085AD71 /* Project object */;
			proxyType = 1;
			remoteGlobalIDString = 2E4D2FB123A59B050085AD71;
			remoteInfo = Roshambo;
		};
		2E4D2FD723A59B050085AD71 /* PBXContainerItemProxy */ = {
			isa = PBXContainerItemProxy;
			containerPortal = 2E4D2FAA23A59B040085AD71 /* Project object */;
			proxyType = 1;
			remoteGlobalIDString = 2E4D2FB123A59B050085AD71;
			remoteInfo = Roshambo;
		};
/* End PBXContainerItemProxy section */

/* Begin PBXFileReference section */
		2E4D2FB223A59B050085AD71 /* Roshambo.app */ = {isa = PBXFileReference; explicitFileType = wrapper.application; includeInIndex = 0; path = Roshambo.app; sourceTree = BUILT_PRODUCTS_DIR; };
		2E4D2FB523A59B050085AD71 /* AppDelegate.swift */ = {isa = PBXFileReference; lastKnownFileType = sourcecode.swift; path = AppDelegate.swift; sourceTree = "<group>"; };
		2E4D2FB723A59B050085AD71 /* SceneDelegate.swift */ = {isa = PBXFileReference; lastKnownFileType = sourcecode.swift; path = SceneDelegate.swift; sourceTree = "<group>"; };
		2E4D2FB923A59B050085AD71 /* RoshamboViewController.swift */ = {isa = PBXFileReference; lastKnownFileType = sourcecode.swift; path = RoshamboViewController.swift; sourceTree = "<group>"; };
		2E4D2FBC23A59B050085AD71 /* Base */ = {isa = PBXFileReference; lastKnownFileType = file.storyboard; name = Base; path = Base.lproj/Main.storyboard; sourceTree = "<group>"; };
		2E4D2FBF23A59B050085AD71 /* Roshambo.xcdatamodel */ = {isa = PBXFileReference; lastKnownFileType = wrapper.xcdatamodel; path = Roshambo.xcdatamodel; sourceTree = "<group>"; };
		2E4D2FC123A59B050085AD71 /* Assets.xcassets */ = {isa = PBXFileReference; lastKnownFileType = folder.assetcatalog; path = Assets.xcassets; sourceTree = "<group>"; };
		2E4D2FC423A59B050085AD71 /* Base */ = {isa = PBXFileReference; lastKnownFileType = file.storyboard; name = Base; path = Base.lproj/LaunchScreen.storyboard; sourceTree = "<group>"; };
		2E4D2FC623A59B050085AD71 /* Info.plist */ = {isa = PBXFileReference; lastKnownFileType = text.plist.xml; path = Info.plist; sourceTree = "<group>"; };
		2E4D2FCB23A59B050085AD71 /* RoshamboTests.xctest */ = {isa = PBXFileReference; explicitFileType = wrapper.cfbundle; includeInIndex = 0; path = RoshamboTests.xctest; sourceTree = BUILT_PRODUCTS_DIR; };
		2E4D2FCF23A59B050085AD71 /* RoshamboTests.swift */ = {isa = PBXFileReference; lastKnownFileType = sourcecode.swift; path = RoshamboTests.swift; sourceTree = "<group>"; };
		2E4D2FD123A59B050085AD71 /* Info.plist */ = {isa = PBXFileReference; lastKnownFileType = text.plist.xml; path = Info.plist; sourceTree = "<group>"; };
		2E4D2FD623A59B050085AD71 /* RoshamboUITests.xctest */ = {isa = PBXFileReference; explicitFileType = wrapper.cfbundle; includeInIndex = 0; path = RoshamboUITests.xctest; sourceTree = BUILT_PRODUCTS_DIR; };
		2E4D2FDA23A59B060085AD71 /* RoshamboUITests.swift */ = {isa = PBXFileReference; lastKnownFileType = sourcecode.swift; path = RoshamboUITests.swift; sourceTree = "<group>"; };
		2E4D2FDC23A59B060085AD71 /* Info.plist */ = {isa = PBXFileReference; lastKnownFileType = text.plist.xml; path = Info.plist; sourceTree = "<group>"; };
		2E4D2FE823A5BE7C0085AD71 /* ResultsViewController.swift */ = {isa = PBXFileReference; lastKnownFileType = sourcecode.swift; path = ResultsViewController.swift; sourceTree = "<group>"; };
/* End PBXFileReference section */

/* Begin PBXFrameworksBuildPhase section */
		2E4D2FAF23A59B050085AD71 /* Frameworks */ = {
			isa = PBXFrameworksBuildPhase;
			buildActionMask = 2147483647;
			files = (
			);
			runOnlyForDeploymentPostprocessing = 0;
		};
		2E4D2FC823A59B050085AD71 /* Frameworks */ = {
			isa = PBXFrameworksBuildPhase;
			buildActionMask = 2147483647;
			files = (
			);
			runOnlyForDeploymentPostprocessing = 0;
		};
		2E4D2FD323A59B050085AD71 /* Frameworks */ = {
			isa = PBXFrameworksBuildPhase;
			buildActionMask = 2147483647;
			files = (
			);
			runOnlyForDeploymentPostprocessing = 0;
		};
/* End PBXFrameworksBuildPhase section */

/* Begin PBXGroup section */
		2E4D2FA923A59B040085AD71 = {
			isa = PBXGroup;
			children = (
				2E4D2FB423A59B050085AD71 /* Roshambo */,
				2E4D2FCE23A59B050085AD71 /* RoshamboTests */,
				2E4D2FD923A59B060085AD71 /* RoshamboUITests */,
				2E4D2FB323A59B050085AD71 /* Products */,
			);
			sourceTree = "<group>";
		};
		2E4D2FB323A59B050085AD71 /* Products */ = {
			isa = PBXGroup;
			children = (
				2E4D2FB223A59B050085AD71 /* Roshambo.app */,
				2E4D2FCB23A59B050085AD71 /* RoshamboTests.xctest */,
				2E4D2FD623A59B050085AD71 /* RoshamboUITests.xctest */,
			);
			name = Products;
			sourceTree = "<group>";
		};
		2E4D2FB423A59B050085AD71 /* Roshambo */ = {
			isa = PBXGroup;
			children = (
				2E4D2FB523A59B050085AD71 /* AppDelegate.swift */,
				2E4D2FB723A59B050085AD71 /* SceneDelegate.swift */,
				2E4D2FB923A59B050085AD71 /* RoshamboViewController.swift */,
				2E4D2FBB23A59B050085AD71 /* Main.storyboard */,
				2E4D2FC123A59B050085AD71 /* Assets.xcassets */,
				2E4D2FC323A59B050085AD71 /* LaunchScreen.storyboard */,
				2E4D2FC623A59B050085AD71 /* Info.plist */,
				2E4D2FBE23A59B050085AD71 /* Roshambo.xcdatamodeld */,
				2E4D2FE823A5BE7C0085AD71 /* ResultsViewController.swift */,
			);
			path = Roshambo;
			sourceTree = "<group>";
		};
		2E4D2FCE23A59B050085AD71 /* RoshamboTests */ = {
			isa = PBXGroup;
			children = (
				2E4D2FCF23A59B050085AD71 /* RoshamboTests.swift */,
				2E4D2FD123A59B050085AD71 /* Info.plist */,
			);
			path = RoshamboTests;
			sourceTree = "<group>";
		};
		2E4D2FD923A59B060085AD71 /* RoshamboUITests */ = {
			isa = PBXGroup;
			children = (
				2E4D2FDA23A59B060085AD71 /* RoshamboUITests.swift */,
				2E4D2FDC23A59B060085AD71 /* Info.plist */,
			);
			path = RoshamboUITests;
			sourceTree = "<group>";
		};
/* End PBXGroup section */

/* Begin PBXNativeTarget section */
		2E4D2FB123A59B050085AD71 /* Roshambo */ = {
			isa = PBXNativeTarget;
			buildConfigurationList = 2E4D2FDF23A59B060085AD71 /* Build configuration list for PBXNativeTarget "Roshambo" */;
			buildPhases = (
				2E4D2FAE23A59B050085AD71 /* Sources */,
				2E4D2FAF23A59B050085AD71 /* Frameworks */,
				2E4D2FB023A59B050085AD71 /* Resources */,
			);
			buildRules = (
			);
			dependencies = (
			);
			name = Roshambo;
			productName = Roshambo;
			productReference = 2E4D2FB223A59B050085AD71 /* Roshambo.app */;
			productType = "com.apple.product-type.application";
		};
		2E4D2FCA23A59B050085AD71 /* RoshamboTests */ = {
			isa = PBXNativeTarget;
			buildConfigurationList = 2E4D2FE223A59B060085AD71 /* Build configuration list for PBXNativeTarget "RoshamboTests" */;
			buildPhases = (
				2E4D2FC723A59B050085AD71 /* Sources */,
				2E4D2FC823A59B050085AD71 /* Frameworks */,
				2E4D2FC923A59B050085AD71 /* Resources */,
			);
			buildRules = (
			);
			dependencies = (
				2E4D2FCD23A59B050085AD71 /* PBXTargetDependency */,
			);
			name = RoshamboTests;
			productName = RoshamboTests;
			productReference = 2E4D2FCB23A59B050085AD71 /* RoshamboTests.xctest */;
			productType = "com.apple.product-type.bundle.unit-test";
		};
		2E4D2FD523A59B050085AD71 /* RoshamboUITests */ = {
			isa = PBXNativeTarget;
			buildConfigurationList = 2E4D2FE523A59B060085AD71 /* Build configuration list for PBXNativeTarget "RoshamboUITests" */;
			buildPhases = (
				2E4D2FD223A59B050085AD71 /* Sources */,
				2E4D2FD323A59B050085AD71 /* Frameworks */,
				2E4D2FD423A59B050085AD71 /* Resources */,
			);
			buildRules = (
			);
			dependencies = (
				2E4D2FD823A59B050085AD71 /* PBXTargetDependency */,
			);
			name = RoshamboUITests;
			productName = RoshamboUITests;
			productReference = 2E4D2FD623A59B050085AD71 /* RoshamboUITests.xctest */;
			productType = "com.apple.product-type.bundle.ui-testing";
		};
/* End PBXNativeTarget section */

/* Begin PBXProject section */
		2E4D2FAA23A59B040085AD71 /* Project object */ = {
			isa = PBXProject;
			attributes = {
				LastSwiftUpdateCheck = 1110;
				LastUpgradeCheck = 1110;
				ORGANIZATIONNAME = lovelejess;
				TargetAttributes = {
					2E4D2FB123A59B050085AD71 = {
						CreatedOnToolsVersion = 11.1;
					};
					2E4D2FCA23A59B050085AD71 = {
						CreatedOnToolsVersion = 11.1;
						TestTargetID = 2E4D2FB123A59B050085AD71;
					};
					2E4D2FD523A59B050085AD71 = {
						CreatedOnToolsVersion = 11.1;
						TestTargetID = 2E4D2FB123A59B050085AD71;
					};
				};
			};
			buildConfigurationList = 2E4D2FAD23A59B050085AD71 /* Build configuration list for PBXProject "Roshambo" */;
			compatibilityVersion = "Xcode 9.3";
			developmentRegion = en;
			hasScannedForEncodings = 0;
			knownRegions = (
				en,
				Base,
			);
			mainGroup = 2E4D2FA923A59B040085AD71;
			productRefGroup = 2E4D2FB323A59B050085AD71 /* Products */;
			projectDirPath = "";
			projectRoot = "";
			targets = (
				2E4D2FB123A59B050085AD71 /* Roshambo */,
				2E4D2FCA23A59B050085AD71 /* RoshamboTests */,
				2E4D2FD523A59B050085AD71 /* RoshamboUITests */,
			);
		};
/* End PBXProject section */

/* Begin PBXResourcesBuildPhase section */
		2E4D2FB023A59B050085AD71 /* Resources */ = {
			isa = PBXResourcesBuildPhase;
			buildActionMask = 2147483647;
			files = (
				2E4D2FC523A59B050085AD71 /* LaunchScreen.storyboard in Resources */,
				2E4D2FC223A59B050085AD71 /* Assets.xcassets in Resources */,
				2E4D2FBD23A59B050085AD71 /* Main.storyboard in Resources */,
			);
			runOnlyForDeploymentPostprocessing = 0;
		};
		2E4D2FC923A59B050085AD71 /* Resources */ = {
			isa = PBXResourcesBuildPhase;
			buildActionMask = 2147483647;
			files = (
			);
			runOnlyForDeploymentPostprocessing = 0;
		};
		2E4D2FD423A59B050085AD71 /* Resources */ = {
			isa = PBXResourcesBuildPhase;
			buildActionMask = 2147483647;
			files = (
			);
			runOnlyForDeploymentPostprocessing = 0;
		};
/* End PBXResourcesBuildPhase section */

/* Begin PBXSourcesBuildPhase section */
		2E4D2FAE23A59B050085AD71 /* Sources */ = {
			isa = PBXSourcesBuildPhase;
			buildActionMask = 2147483647;
			files = (
				2E4D2FC023A59B050085AD71 /* Roshambo.xcdatamodeld in Sources */,
				2E4D2FBA23A59B050085AD71 /* RoshamboViewController.swift in Sources */,
				2E4D2FB623A59B050085AD71 /* AppDelegate.swift in Sources */,
				2E4D2FE923A5BE7C0085AD71 /* ResultsViewController.swift in Sources */,
				2E4D2FB823A59B050085AD71 /* SceneDelegate.swift in Sources */,
			);
			runOnlyForDeploymentPostprocessing = 0;
		};
		2E4D2FC723A59B050085AD71 /* Sources */ = {
			isa = PBXSourcesBuildPhase;
			buildActionMask = 2147483647;
			files = (
				2E4D2FD023A59B050085AD71 /* RoshamboTests.swift in Sources */,
			);
			runOnlyForDeploymentPostprocessing = 0;
		};
		2E4D2FD223A59B050085AD71 /* Sources */ = {
			isa = PBXSourcesBuildPhase;
			buildActionMask = 2147483647;
			files = (
				2E4D2FDB23A59B060085AD71 /* RoshamboUITests.swift in Sources */,
			);
			runOnlyForDeploymentPostprocessing = 0;
		};
/* End PBXSourcesBuildPhase section */

/* Begin PBXTargetDependency section */
		2E4D2FCD23A59B050085AD71 /* PBXTargetDependency */ = {
			isa = PBXTargetDependency;
			target = 2E4D2FB123A59B050085AD71 /* Roshambo */;
			targetProxy = 2E4D2FCC23A59B050085AD71 /* PBXContainerItemProxy */;
		};
		2E4D2FD823A59B050085AD71 /* PBXTargetDependency */ = {
			isa = PBXTargetDependency;
			target = 2E4D2FB123A59B050085AD71 /* Roshambo */;
			targetProxy = 2E4D2FD723A59B050085AD71 /* PBXContainerItemProxy */;
		};
/* End PBXTargetDependency section */

/* Begin PBXVariantGroup section */
		2E4D2FBB23A59B050085AD71 /* Main.storyboard */ = {
			isa = PBXVariantGroup;
			children = (
				2E4D2FBC23A59B050085AD71 /* Base */,
			);
			name = Main.storyboard;
			sourceTree = "<group>";
		};
		2E4D2FC323A59B050085AD71 /* LaunchScreen.storyboard */ = {
			isa = PBXVariantGroup;
			children = (
				2E4D2FC423A59B050085AD71 /* Base */,
			);
			name = LaunchScreen.storyboard;
			sourceTree = "<group>";
		};
/* End PBXVariantGroup section */

/* Begin XCBuildConfiguration section */
		2E4D2FDD23A59B060085AD71 /* Debug */ = {
			isa = XCBuildConfiguration;
			buildSettings = {
				ALWAYS_SEARCH_USER_PATHS = NO;
				CLANG_ANALYZER_NONNULL = YES;
				CLANG_ANALYZER_NUMBER_OBJECT_CONVERSION = YES_AGGRESSIVE;
				CLANG_CXX_LANGUAGE_STANDARD = "gnu++14";
				CLANG_CXX_LIBRARY = "libc++";
				CLANG_ENABLE_MODULES = YES;
				CLANG_ENABLE_OBJC_ARC = YES;
				CLANG_ENABLE_OBJC_WEAK = YES;
				CLANG_WARN_BLOCK_CAPTURE_AUTORELEASING = YES;
				CLANG_WARN_BOOL_CONVERSION = YES;
				CLANG_WARN_COMMA = YES;
				CLANG_WARN_CONSTANT_CONVERSION = YES;
				CLANG_WARN_DEPRECATED_OBJC_IMPLEMENTATIONS = YES;
				CLANG_WARN_DIRECT_OBJC_ISA_USAGE = YES_ERROR;
				CLANG_WARN_DOCUMENTATION_COMMENTS = YES;
				CLANG_WARN_EMPTY_BODY = YES;
				CLANG_WARN_ENUM_CONVERSION = YES;
				CLANG_WARN_INFINITE_RECURSION = YES;
				CLANG_WARN_INT_CONVERSION = YES;
				CLANG_WARN_NON_LITERAL_NULL_CONVERSION = YES;
				CLANG_WARN_OBJC_IMPLICIT_RETAIN_SELF = YES;
				CLANG_WARN_OBJC_LITERAL_CONVERSION = YES;
				CLANG_WARN_OBJC_ROOT_CLASS = YES_ERROR;
				CLANG_WARN_RANGE_LOOP_ANALYSIS = YES;
				CLANG_WARN_STRICT_PROTOTYPES = YES;
				CLANG_WARN_SUSPICIOUS_MOVE = YES;
				CLANG_WARN_UNGUARDED_AVAILABILITY = YES_AGGRESSIVE;
				CLANG_WARN_UNREACHABLE_CODE = YES;
				CLANG_WARN__DUPLICATE_METHOD_MATCH = YES;
				COPY_PHASE_STRIP = NO;
				DEBUG_INFORMATION_FORMAT = dwarf;
				ENABLE_STRICT_OBJC_MSGSEND = YES;
				ENABLE_TESTABILITY = YES;
				GCC_C_LANGUAGE_STANDARD = gnu11;
				GCC_DYNAMIC_NO_PIC = NO;
				GCC_NO_COMMON_BLOCKS = YES;
				GCC_OPTIMIZATION_LEVEL = 0;
				GCC_PREPROCESSOR_DEFINITIONS = (
					"DEBUG=1",
					"$(inherited)",
				);
				GCC_WARN_64_TO_32_BIT_CONVERSION = YES;
				GCC_WARN_ABOUT_RETURN_TYPE = YES_ERROR;
				GCC_WARN_UNDECLARED_SELECTOR = YES;
				GCC_WARN_UNINITIALIZED_AUTOS = YES_AGGRESSIVE;
				GCC_WARN_UNUSED_FUNCTION = YES;
				GCC_WARN_UNUSED_VARIABLE = YES;
				IPHONEOS_DEPLOYMENT_TARGET = 13.1;
				MTL_ENABLE_DEBUG_INFO = INCLUDE_SOURCE;
				MTL_FAST_MATH = YES;
				ONLY_ACTIVE_ARCH = YES;
				SDKROOT = iphoneos;
				SWIFT_ACTIVE_COMPILATION_CONDITIONS = DEBUG;
				SWIFT_OPTIMIZATION_LEVEL = "-Onone";
			};
			name = Debug;
		};
		2E4D2FDE23A59B060085AD71 /* Release */ = {
			isa = XCBuildConfiguration;
			buildSettings = {
				ALWAYS_SEARCH_USER_PATHS = NO;
				CLANG_ANALYZER_NONNULL = YES;
				CLANG_ANALYZER_NUMBER_OBJECT_CONVERSION = YES_AGGRESSIVE;
				CLANG_CXX_LANGUAGE_STANDARD = "gnu++14";
				CLANG_CXX_LIBRARY = "libc++";
				CLANG_ENABLE_MODULES = YES;
				CLANG_ENABLE_OBJC_ARC = YES;
				CLANG_ENABLE_OBJC_WEAK = YES;
				CLANG_WARN_BLOCK_CAPTURE_AUTORELEASING = YES;
				CLANG_WARN_BOOL_CONVERSION = YES;
				CLANG_WARN_COMMA = YES;
				CLANG_WARN_CONSTANT_CONVERSION = YES;
				CLANG_WARN_DEPRECATED_OBJC_IMPLEMENTATIONS = YES;
				CLANG_WARN_DIRECT_OBJC_ISA_USAGE = YES_ERROR;
				CLANG_WARN_DOCUMENTATION_COMMENTS = YES;
				CLANG_WARN_EMPTY_BODY = YES;
				CLANG_WARN_ENUM_CONVERSION = YES;
				CLANG_WARN_INFINITE_RECURSION = YES;
				CLANG_WARN_INT_CONVERSION = YES;
				CLANG_WARN_NON_LITERAL_NULL_CONVERSION = YES;
				CLANG_WARN_OBJC_IMPLICIT_RETAIN_SELF = YES;
				CLANG_WARN_OBJC_LITERAL_CONVERSION = YES;
				CLANG_WARN_OBJC_ROOT_CLASS = YES_ERROR;
				CLANG_WARN_RANGE_LOOP_ANALYSIS = YES;
				CLANG_WARN_STRICT_PROTOTYPES = YES;
				CLANG_WARN_SUSPICIOUS_MOVE = YES;
				CLANG_WARN_UNGUARDED_AVAILABILITY = YES_AGGRESSIVE;
				CLANG_WARN_UNREACHABLE_CODE = YES;
				CLANG_WARN__DUPLICATE_METHOD_MATCH = YES;
				COPY_PHASE_STRIP = NO;
				DEBUG_INFORMATION_FORMAT = "dwarf-with-dsym";
				ENABLE_NS_ASSERTIONS = NO;
				ENABLE_STRICT_OBJC_MSGSEND = YES;
				GCC_C_LANGUAGE_STANDARD = gnu11;
				GCC_NO_COMMON_BLOCKS = YES;
				GCC_WARN_64_TO_32_BIT_CONVERSION = YES;
				GCC_WARN_ABOUT_RETURN_TYPE = YES_ERROR;
				GCC_WARN_UNDECLARED_SELECTOR = YES;
				GCC_WARN_UNINITIALIZED_AUTOS = YES_AGGRESSIVE;
				GCC_WARN_UNUSED_FUNCTION = YES;
				GCC_WARN_UNUSED_VARIABLE = YES;
				IPHONEOS_DEPLOYMENT_TARGET = 13.1;
				MTL_ENABLE_DEBUG_INFO = NO;
				MTL_FAST_MATH = YES;
				SDKROOT = iphoneos;
				SWIFT_COMPILATION_MODE = wholemodule;
				SWIFT_OPTIMIZATION_LEVEL = "-O";
				VALIDATE_PRODUCT = YES;
			};
			name = Release;
		};
		2E4D2FE023A59B060085AD71 /* Debug */ = {
			isa = XCBuildConfiguration;
			buildSettings = {
				ASSETCATALOG_COMPILER_APPICON_NAME = AppIcon;
				CODE_SIGN_STYLE = Automatic;
				DEVELOPMENT_TEAM = N993RX34M3;
				INFOPLIST_FILE = Roshambo/Info.plist;
				LD_RUNPATH_SEARCH_PATHS = (
					"$(inherited)",
					"@executable_path/Frameworks",
				);
				PRODUCT_BUNDLE_IDENTIFIER = lovelejess.Roshambo;
				PRODUCT_NAME = "$(TARGET_NAME)";
				SWIFT_VERSION = 5.0;
				TARGETED_DEVICE_FAMILY = "1,2";
			};
			name = Debug;
		};
		2E4D2FE123A59B060085AD71 /* Release */ = {
			isa = XCBuildConfiguration;
			buildSettings = {
				ASSETCATALOG_COMPILER_APPICON_NAME = AppIcon;
				CODE_SIGN_STYLE = Automatic;
				DEVELOPMENT_TEAM = N993RX34M3;
				INFOPLIST_FILE = Roshambo/Info.plist;
				LD_RUNPATH_SEARCH_PATHS = (
					"$(inherited)",
					"@executable_path/Frameworks",
				);
				PRODUCT_BUNDLE_IDENTIFIER = lovelejess.Roshambo;
				PRODUCT_NAME = "$(TARGET_NAME)";
				SWIFT_VERSION = 5.0;
				TARGETED_DEVICE_FAMILY = "1,2";
			};
			name = Release;
		};
		2E4D2FE323A59B060085AD71 /* Debug */ = {
			isa = XCBuildConfiguration;
			buildSettings = {
				ALWAYS_EMBED_SWIFT_STANDARD_LIBRARIES = YES;
				BUNDLE_LOADER = "$(TEST_HOST)";
				CODE_SIGN_STYLE = Automatic;
				DEVELOPMENT_TEAM = N993RX34M3;
				INFOPLIST_FILE = RoshamboTests/Info.plist;
				IPHONEOS_DEPLOYMENT_TARGET = 13.1;
				LD_RUNPATH_SEARCH_PATHS = (
					"$(inherited)",
					"@executable_path/Frameworks",
					"@loader_path/Frameworks",
				);
				PRODUCT_BUNDLE_IDENTIFIER = lovelejess.RoshamboTests;
				PRODUCT_NAME = "$(TARGET_NAME)";
				SWIFT_VERSION = 5.0;
				TARGETED_DEVICE_FAMILY = "1,2";
				TEST_HOST = "$(BUILT_PRODUCTS_DIR)/Roshambo.app/Roshambo";
			};
			name = Debug;
		};
		2E4D2FE423A59B060085AD71 /* Release */ = {
			isa = XCBuildConfiguration;
			buildSettings = {
				ALWAYS_EMBED_SWIFT_STANDARD_LIBRARIES = YES;
				BUNDLE_LOADER = "$(TEST_HOST)";
				CODE_SIGN_STYLE = Automatic;
				DEVELOPMENT_TEAM = N993RX34M3;
				INFOPLIST_FILE = RoshamboTests/Info.plist;
				IPHONEOS_DEPLOYMENT_TARGET = 13.1;
				LD_RUNPATH_SEARCH_PATHS = (
					"$(inherited)",
					"@executable_path/Frameworks",
					"@loader_path/Frameworks",
				);
				PRODUCT_BUNDLE_IDENTIFIER = lovelejess.RoshamboTests;
				PRODUCT_NAME = "$(TARGET_NAME)";
				SWIFT_VERSION = 5.0;
				TARGETED_DEVICE_FAMILY = "1,2";
				TEST_HOST = "$(BUILT_PRODUCTS_DIR)/Roshambo.app/Roshambo";
			};
			name = Release;
		};
		2E4D2FE623A59B060085AD71 /* Debug */ = {
			isa = XCBuildConfiguration;
			buildSettings = {
				ALWAYS_EMBED_SWIFT_STANDARD_LIBRARIES = YES;
				CODE_SIGN_STYLE = Automatic;
				DEVELOPMENT_TEAM = N993RX34M3;
				INFOPLIST_FILE = RoshamboUITests/Info.plist;
				LD_RUNPATH_SEARCH_PATHS = (
					"$(inherited)",
					"@executable_path/Frameworks",
					"@loader_path/Frameworks",
				);
				PRODUCT_BUNDLE_IDENTIFIER = lovelejess.RoshamboUITests;
				PRODUCT_NAME = "$(TARGET_NAME)";
				SWIFT_VERSION = 5.0;
				TARGETED_DEVICE_FAMILY = "1,2";
				TEST_TARGET_NAME = Roshambo;
			};
			name = Debug;
		};
		2E4D2FE723A59B060085AD71 /* Release */ = {
			isa = XCBuildConfiguration;
			buildSettings = {
				ALWAYS_EMBED_SWIFT_STANDARD_LIBRARIES = YES;
				CODE_SIGN_STYLE = Automatic;
				DEVELOPMENT_TEAM = N993RX34M3;
				INFOPLIST_FILE = RoshamboUITests/Info.plist;
				LD_RUNPATH_SEARCH_PATHS = (
					"$(inherited)",
					"@executable_path/Frameworks",
					"@loader_path/Frameworks",
				);
				PRODUCT_BUNDLE_IDENTIFIER = lovelejess.RoshamboUITests;
				PRODUCT_NAME = "$(TARGET_NAME)";
				SWIFT_VERSION = 5.0;
				TARGETED_DEVICE_FAMILY = "1,2";
				TEST_TARGET_NAME = Roshambo;
			};
			name = Release;
		};
/* End XCBuildConfiguration section */

/* Begin XCConfigurationList section */
		2E4D2FAD23A59B050085AD71 /* Build configuration list for PBXProject "Roshambo" */ = {
			isa = XCConfigurationList;
			buildConfigurations = (
				2E4D2FDD23A59B060085AD71 /* Debug */,
				2E4D2FDE23A59B060085AD71 /* Release */,
			);
			defaultConfigurationIsVisible = 0;
			defaultConfigurationName = Release;
		};
		2E4D2FDF23A59B060085AD71 /* Build configuration list for PBXNativeTarget "Roshambo" */ = {
			isa = XCConfigurationList;
			buildConfigurations = (
				2E4D2FE023A59B060085AD71 /* Debug */,
				2E4D2FE123A59B060085AD71 /* Release */,
			);
			defaultConfigurationIsVisible = 0;
			defaultConfigurationName = Release;
		};
		2E4D2FE223A59B060085AD71 /* Build configuration list for PBXNativeTarget "RoshamboTests" */ = {
			isa = XCConfigurationList;
			buildConfigurations = (
				2E4D2FE323A59B060085AD71 /* Debug */,
				2E4D2FE423A59B060085AD71 /* Release */,
			);
			defaultConfigurationIsVisible = 0;
			defaultConfigurationName = Release;
		};
		2E4D2FE523A59B060085AD71 /* Build configuration list for PBXNativeTarget "RoshamboUITests" */ = {
			isa = XCConfigurationList;
			buildConfigurations = (
				2E4D2FE623A59B060085AD71 /* Debug */,
				2E4D2FE723A59B060085AD71 /* Release */,
			);
			defaultConfigurationIsVisible = 0;
			defaultConfigurationName = Release;
		};
/* End XCConfigurationList section */

/* Begin XCVersionGroup section */
		2E4D2FBE23A59B050085AD71 /* Roshambo.xcdatamodeld */ = {
			isa = XCVersionGroup;
			children = (
				2E4D2FBF23A59B050085AD71 /* Roshambo.xcdatamodel */,
			);
			currentVersion = 2E4D2FBF23A59B050085AD71 /* Roshambo.xcdatamodel */;
			path = Roshambo.xcdatamodeld;
			sourceTree = "<group>";
			versionGroupType = wrapper.xcdatamodel;
		};
/* End XCVersionGroup section */
	};
	rootObject = 2E4D2FAA23A59B040085AD71 /* Project object */;
}
